// !$*UTF8*$!
{ archiveVersion = 1; classes = {}; objectVersion = 56; objects = {
000000000000000000000070 = { isa = PBXFileReference; lastKnownFileType = sourcecode.javascript; path = NativeBridge.js; sourceTree = "<group>"; };
000000000000000000000071 = { isa = PBXFileReference; lastKnownFileType = folder.assetcatalog; path = Assets.xcassets; sourceTree = "<group>"; };
0000000000000000000000D0 = { isa = PBXBuildFile; fileRef = 000000000000000000000070; };
0000000000000000000000D1 = { isa = PBXBuildFile; fileRef = 000000000000000000000071; };
000000000000000000000064 = { isa = PBXFileReference; lastKnownFileType = sourcecode.swift; path = KnihaJizdApp.swift; sourceTree = "<group>"; };
0000000000000000000000C8 = { isa = PBXBuildFile; fileRef = 000000000000000000000064; };
000000000000000000000065 = { isa = PBXFileReference; lastKnownFileType = sourcecode.swift; path = Recorder.swift; sourceTree = "<group>"; };
0000000000000000000000C9 = { isa = PBXBuildFile; fileRef = 000000000000000000000065; };
000000000000000000000066 = { isa = PBXFileReference; lastKnownFileType = sourcecode.swift; path = LogWebView.swift; sourceTree = "<group>"; };
0000000000000000000000CA = { isa = PBXBuildFile; fileRef = 000000000000000000000066; };
00000000000000000000006E = { isa = PBXFileReference; lastKnownFileType = text.plist.xml; path = Info.plist; sourceTree = "<group>"; };
00000000000000000000006F = { isa = PBXFileReference; explicitFileType = wrapper.application; path = KnihaJizd.app; sourceTree = BUILT_PRODUCTS_DIR; };
000000000000000000000001 = { isa = PBXProject; attributes = { LastUpgradeCheck = 1600; TargetAttributes = { 000000000000000000000002 = { CreatedOnToolsVersion = 16.0; SystemCapabilities = { com.apple.BackgroundModes = { enabled = 1; }; }; }; }; }; buildConfigurationList = 000000000000000000000014; compatibilityVersion = "Xcode 14.0"; developmentRegion = en; knownRegions = (cs,en,Base); mainGroup = 000000000000000000000003; productRefGroup = 000000000000000000000005; projectDirPath = ""; projectRoot = ""; targets = (000000000000000000000002,000000000000000000000160); };
000000000000000000000002 = { isa = PBXNativeTarget; buildConfigurationList = 000000000000000000000015; buildPhases = (000000000000000000000006,000000000000000000000007,000000000000000000000008,000000000000000000000164); buildRules = (); dependencies = (000000000000000000000166); name = KnihaJizd; productName = KnihaJizd; productReference = 00000000000000000000006F; productType = "com.apple.product-type.application"; };
000000000000000000000003 = { isa = PBXGroup; children = (000000000000000000000004,000000000000000000000170,000000000000000000000171,000000000000000000000005); sourceTree = "<group>"; };
000000000000000000000004 = { isa = PBXGroup; children = (000000000000000000000064,000000000000000000000065,000000000000000000000066,00000000000000000000006E,000000000000000000000070,000000000000000000000071,000000000000000000000182,0000000000000000000001A0); path = KnihaJizd; sourceTree = "<group>"; };
000000000000000000000005 = { isa = PBXGroup; children = (00000000000000000000006F,000000000000000000000185); name = Products; sourceTree = "<group>"; };
000000000000000000000006 = { isa = PBXSourcesBuildPhase; buildActionMask = 2147483647; files = (0000000000000000000000C8,0000000000000000000000C9,0000000000000000000000CA,000000000000000000000190,000000000000000000000191,000000000000000000000192,0000000000000000000001A1); runOnlyForDeploymentPostprocessing = 0; };
000000000000000000000007 = { isa = PBXFrameworksBuildPhase; buildActionMask = 2147483647; files = (); runOnlyForDeploymentPostprocessing = 0; };
000000000000000000000008 = { isa = PBXResourcesBuildPhase; buildActionMask = 2147483647; files = (0000000000000000000000D0,0000000000000000000000D1); runOnlyForDeploymentPostprocessing = 0; };
000000000000000000000014 = { isa = XCConfigurationList; buildConfigurations = (00000000000000000000001E,00000000000000000000001F); defaultConfigurationIsVisible = 0; defaultConfigurationName = Release; };
000000000000000000000015 = { isa = XCConfigurationList; buildConfigurations = (000000000000000000000020,000000000000000000000021); defaultConfigurationIsVisible = 0; defaultConfigurationName = Release; };
00000000000000000000001E = { isa = XCBuildConfiguration; buildSettings = { SDKROOT = iphoneos; IPHONEOS_DEPLOYMENT_TARGET = 17.0; SWIFT_VERSION = 5.0; CLANG_ENABLE_MODULES = YES; CLANG_ENABLE_OBJC_WEAK = YES; CLANG_WARN_BLOCK_CAPTURE_AUTORELEASING = YES; GCC_WARN_ABOUT_RETURN_TYPE = YES_ERROR; GCC_WARN_UNDECLARED_SELECTOR = YES; GCC_WARN_UNINITIALIZED_AUTOS = YES_AGGRESSIVE; GCC_WARN_UNUSED_FUNCTION = YES; GCC_WARN_UNUSED_VARIABLE = YES; SWIFT_OPTIMIZATION_LEVEL = "-Onone"; SWIFT_ACTIVE_COMPILATION_CONDITIONS = DEBUG; }; name = Debug; };
00000000000000000000001F = { isa = XCBuildConfiguration; buildSettings = { SDKROOT = iphoneos; IPHONEOS_DEPLOYMENT_TARGET = 17.0; SWIFT_VERSION = 5.0; CLANG_ENABLE_MODULES = YES; CLANG_ENABLE_OBJC_WEAK = YES; CLANG_WARN_BLOCK_CAPTURE_AUTORELEASING = YES; GCC_WARN_ABOUT_RETURN_TYPE = YES_ERROR; GCC_WARN_UNDECLARED_SELECTOR = YES; GCC_WARN_UNINITIALIZED_AUTOS = YES_AGGRESSIVE; GCC_WARN_UNUSED_FUNCTION = YES; GCC_WARN_UNUSED_VARIABLE = YES; }; name = Release; };
000000000000000000000020 = { isa = XCBuildConfiguration; buildSettings = { SDKROOT = iphoneos; IPHONEOS_DEPLOYMENT_TARGET = 17.0; SWIFT_VERSION = 5.0; CLANG_ENABLE_MODULES = YES; CLANG_ENABLE_OBJC_WEAK = YES; CODE_SIGN_STYLE = Automatic; GENERATE_INFOPLIST_FILE = NO; INFOPLIST_FILE = KnihaJizd/Info.plist; PRODUCT_BUNDLE_IDENTIFIER = cz.jozi.knihajizd.native; PRODUCT_NAME = "$(TARGET_NAME)"; TARGETED_DEVICE_FAMILY = 1; SUPPORTED_PLATFORMS = "iphoneos iphonesimulator"; SWIFT_EMIT_LOC_STRINGS = YES; ASSETCATALOG_COMPILER_APPICON_NAME = AppIcon; SWIFT_OPTIMIZATION_LEVEL = "-Onone"; SWIFT_ACTIVE_COMPILATION_CONDITIONS = DEBUG; }; name = Debug; };
000000000000000000000021 = { isa = XCBuildConfiguration; buildSettings = { SDKROOT = iphoneos; IPHONEOS_DEPLOYMENT_TARGET = 17.0; SWIFT_VERSION = 5.0; CLANG_ENABLE_MODULES = YES; CLANG_ENABLE_OBJC_WEAK = YES; CODE_SIGN_STYLE = Automatic; GENERATE_INFOPLIST_FILE = NO; INFOPLIST_FILE = KnihaJizd/Info.plist; PRODUCT_BUNDLE_IDENTIFIER = cz.jozi.knihajizd.native; PRODUCT_NAME = "$(TARGET_NAME)"; TARGETED_DEVICE_FAMILY = 1; SUPPORTED_PLATFORMS = "iphoneos iphonesimulator"; SWIFT_EMIT_LOC_STRINGS = YES; ASSETCATALOG_COMPILER_APPICON_NAME = AppIcon; }; name = Release; };

000000000000000000000180 = { isa = PBXFileReference; lastKnownFileType = sourcecode.swift; path = RideActivityAttributes.swift; sourceTree = "<group>"; };
000000000000000000000181 = { isa = PBXFileReference; lastKnownFileType = sourcecode.swift; path = RideIntents.swift; sourceTree = "<group>"; };
000000000000000000000182 = { isa = PBXFileReference; lastKnownFileType = sourcecode.swift; path = RideLiveActivity.swift; sourceTree = "<group>"; };
000000000000000000000183 = { isa = PBXFileReference; lastKnownFileType = sourcecode.swift; path = RideWidgets.swift; sourceTree = "<group>"; };
000000000000000000000184 = { isa = PBXFileReference; lastKnownFileType = text.plist.xml; path = Info.plist; sourceTree = "<group>"; };
000000000000000000000185 = { isa = PBXFileReference; explicitFileType = "wrapper.app-extension"; path = RideWidgets.appex; sourceTree = BUILT_PRODUCTS_DIR; };
000000000000000000000190 = { isa = PBXBuildFile; fileRef = 000000000000000000000180; };
000000000000000000000191 = { isa = PBXBuildFile; fileRef = 000000000000000000000181; };
000000000000000000000192 = { isa = PBXBuildFile; fileRef = 000000000000000000000182; };
000000000000000000000193 = { isa = PBXBuildFile; fileRef = 000000000000000000000180; };
000000000000000000000194 = { isa = PBXBuildFile; fileRef = 000000000000000000000181; };
000000000000000000000195 = { isa = PBXBuildFile; fileRef = 000000000000000000000183; };
000000000000000000000196 = { isa = PBXBuildFile; fileRef = 000000000000000000000185; settings = { ATTRIBUTES = (RemoveHeadersOnCopy); }; };
000000000000000000000170 = { isa = PBXGroup; children = (000000000000000000000180,000000000000000000000181); path = Shared; sourceTree = "<group>"; };
000000000000000000000171 = { isa = PBXGroup; children = (000000000000000000000183,000000000000000000000184); path = RideWidgets; sourceTree = "<group>"; };
000000000000000000000160 = { isa = PBXNativeTarget; buildConfigurationList = 000000000000000000000168; buildPhases = (000000000000000000000161,000000000000000000000162,000000000000000000000163); buildRules = (); dependencies = (); name = RideWidgets; productName = RideWidgets; productReference = 000000000000000000000185; productType = "com.apple.product-type.app-extension"; };
000000000000000000000161 = { isa = PBXSourcesBuildPhase; buildActionMask = 2147483647; files = (000000000000000000000193,000000000000000000000194,000000000000000000000195); runOnlyForDeploymentPostprocessing = 0; };
000000000000000000000162 = { isa = PBXFrameworksBuildPhase; buildActionMask = 2147483647; files = (); runOnlyForDeploymentPostprocessing = 0; };
000000000000000000000163 = { isa = PBXResourcesBuildPhase; buildActionMask = 2147483647; files = (); runOnlyForDeploymentPostprocessing = 0; };
000000000000000000000164 = { isa = PBXCopyFilesBuildPhase; buildActionMask = 2147483647; dstPath = ""; dstSubfolderSpec = 13; files = (000000000000000000000196); name = "Embed App Extensions"; runOnlyForDeploymentPostprocessing = 0; };
000000000000000000000165 = { isa = PBXContainerItemProxy; containerPortal = 000000000000000000000001; proxyType = 1; remoteGlobalIDString = 000000000000000000000160; remoteInfo = RideWidgets; };
000000000000000000000166 = { isa = PBXTargetDependency; target = 000000000000000000000160; targetProxy = 000000000000000000000165; };
000000000000000000000169 = { isa = XCBuildConfiguration; buildSettings = { SDKROOT = iphoneos; IPHONEOS_DEPLOYMENT_TARGET = 18.0; SWIFT_VERSION = 5.0; CLANG_ENABLE_MODULES = YES; CODE_SIGN_STYLE = Automatic; GENERATE_INFOPLIST_FILE = NO; INFOPLIST_FILE = RideWidgets/Info.plist; PRODUCT_BUNDLE_IDENTIFIER = cz.jozi.knihajizd.native.widgets; PRODUCT_NAME = "$(TARGET_NAME)"; TARGETED_DEVICE_FAMILY = 1; SUPPORTED_PLATFORMS = "iphoneos iphonesimulator"; APPLICATION_EXTENSION_API_ONLY = YES; SKIP_INSTALL = YES; SWIFT_EMIT_LOC_STRINGS = YES; SWIFT_ACTIVE_COMPILATION_CONDITIONS = "DEBUG WIDGET_EXTENSION"; SWIFT_OPTIMIZATION_LEVEL = "-Onone"; }; name = Debug; };
00000000000000000000016A = { isa = XCBuildConfiguration; buildSettings = { SDKROOT = iphoneos; IPHONEOS_DEPLOYMENT_TARGET = 18.0; SWIFT_VERSION = 5.0; CLANG_ENABLE_MODULES = YES; CODE_SIGN_STYLE = Automatic; GENERATE_INFOPLIST_FILE = NO; INFOPLIST_FILE = RideWidgets/Info.plist; PRODUCT_BUNDLE_IDENTIFIER = cz.jozi.knihajizd.native.widgets; PRODUCT_NAME = "$(TARGET_NAME)"; TARGETED_DEVICE_FAMILY = 1; SUPPORTED_PLATFORMS = "iphoneos iphonesimulator"; APPLICATION_EXTENSION_API_ONLY = YES; SKIP_INSTALL = YES; SWIFT_EMIT_LOC_STRINGS = YES; SWIFT_ACTIVE_COMPILATION_CONDITIONS = "WIDGET_EXTENSION"; }; name = Release; };
000000000000000000000168 = { isa = XCConfigurationList; buildConfigurations = (000000000000000000000169,00000000000000000000016A); defaultConfigurationIsVisible = 0; defaultConfigurationName = Release; };
0000000000000000000001A0 = { isa = PBXFileReference; lastKnownFileType = sourcecode.swift; path = DistanceAccumulator.swift; sourceTree = "<group>"; };
0000000000000000000001A1 = { isa = PBXBuildFile; fileRef = 0000000000000000000001A0; };
}; rootObject = 000000000000000000000001; }
