// !$*UTF8*$!
{ archiveVersion = 1; classes = {}; objectVersion = 56; objects = {
000000000000000000000070 = { isa = PBXFileReference; lastKnownFileType = sourcecode.javascript; path = NativeBridge.js; sourceTree = "<group>"; };
000000000000000000000071 = { isa = PBXFileReference; lastKnownFileType = folder.assetcatalog; path = Assets.xcassets; sourceTree = "<group>"; };
0000000000000000000000D0 = { isa = PBXBuildFile; fileRef = 000000000000000000000070; };
0000000000000000000000D1 = { isa = PBXBuildFile; fileRef = 000000000000000000000071; };
000000000000000000000064 = { isa = PBXFileReference; lastKnownFileType = sourcecode.swift; path = KnihaJizdApp.swift; sourceTree = "<group>"; };
0000000000000000000000C8 = { isa = PBXBuildFile; fileRef = 000000000000000000000064; };
000000000000000000000065 = { isa = PBXFileReference; lastKnownFileType = sourcecode.swift; path = Recorder.swift; sourceTree = "<group>"; };
0000000000000000000000C9 = { isa = PBXBuildFile; fileRef = 000000000000000000000065; };
000000000000000000000066 = { isa = PBXFileReference; lastKnownFileType = sourcecode.swift; path = LogWebView.swift; sourceTree = "<group>"; };
0000000000000000000000CA = { isa = PBXBuildFile; fileRef = 000000000000000000000066; };
00000000000000000000006E = { isa = PBXFileReference; lastKnownFileType = text.plist.xml; path = Info.plist; sourceTree = "<group>"; };
00000000000000000000006F = { isa = PBXFileReference; explicitFileType = wrapper.application; path = KnihaJizd.app; sourceTree = BUILT_PRODUCTS_DIR; };
000000000000000000000001 = { isa = PBXProject; attributes = { LastUpgradeCheck = 1600; TargetAttributes = { 000000000000000000000002 = { CreatedOnToolsVersion = 16.0; SystemCapabilities = { com.apple.BackgroundModes = { enabled = 1; }; }; }; }; }; buildConfigurationList = 000000000000000000000014; compatibilityVersion = "Xcode 14.0"; developmentRegion = cs; knownRegions = (cs,en,Base); mainGroup = 000000000000000000000003; productRefGroup = 000000000000000000000005; projectDirPath = ""; projectRoot = ""; targets = (000000000000000000000002); };
000000000000000000000002 = { isa = PBXNativeTarget; buildConfigurationList = 000000000000000000000015; buildPhases = (000000000000000000000006,000000000000000000000007,000000000000000000000008); buildRules = (); dependencies = (); name = KnihaJizd; productName = KnihaJizd; productReference = 00000000000000000000006F; productType = "com.apple.product-type.application"; };
000000000000000000000003 = { isa = PBXGroup; children = (000000000000000000000004,000000000000000000000005); sourceTree = "<group>"; };
000000000000000000000004 = { isa = PBXGroup; children = (000000000000000000000064,000000000000000000000065,000000000000000000000066,00000000000000000000006E,000000000000000000000070,000000000000000000000071); path = KnihaJizd; sourceTree = "<group>"; };
000000000000000000000005 = { isa = PBXGroup; children = (00000000000000000000006F); name = Products; sourceTree = "<group>"; };
000000000000000000000006 = { isa = PBXSourcesBuildPhase; buildActionMask = 2147483647; files = (0000000000000000000000C8,0000000000000000000000C9,0000000000000000000000CA); runOnlyForDeploymentPostprocessing = 0; };
000000000000000000000007 = { isa = PBXFrameworksBuildPhase; buildActionMask = 2147483647; files = (); runOnlyForDeploymentPostprocessing = 0; };
000000000000000000000008 = { isa = PBXResourcesBuildPhase; buildActionMask = 2147483647; files = (0000000000000000000000D0,0000000000000000000000D1); runOnlyForDeploymentPostprocessing = 0; };
000000000000000000000014 = { isa = XCConfigurationList; buildConfigurations = (00000000000000000000001E,00000000000000000000001F); defaultConfigurationIsVisible = 0; defaultConfigurationName = Release; };
000000000000000000000015 = { isa = XCConfigurationList; buildConfigurations = (000000000000000000000020,000000000000000000000021); defaultConfigurationIsVisible = 0; defaultConfigurationName = Release; };
00000000000000000000001E = { isa = XCBuildConfiguration; buildSettings = { SDKROOT = iphoneos; IPHONEOS_DEPLOYMENT_TARGET = 16.0; SWIFT_VERSION = 5.0; CLANG_ENABLE_MODULES = YES; SWIFT_OPTIMIZATION_LEVEL = "-Onone"; SWIFT_ACTIVE_COMPILATION_CONDITIONS = DEBUG; }; name = Debug; };
00000000000000000000001F = { isa = XCBuildConfiguration; buildSettings = { SDKROOT = iphoneos; IPHONEOS_DEPLOYMENT_TARGET = 16.0; SWIFT_VERSION = 5.0; CLANG_ENABLE_MODULES = YES; }; name = Release; };
000000000000000000000020 = { isa = XCBuildConfiguration; buildSettings = { SDKROOT = iphoneos; IPHONEOS_DEPLOYMENT_TARGET = 16.0; SWIFT_VERSION = 5.0; CLANG_ENABLE_MODULES = YES; CODE_SIGN_STYLE = Automatic; GENERATE_INFOPLIST_FILE = NO; INFOPLIST_FILE = KnihaJizd/Info.plist; PRODUCT_BUNDLE_IDENTIFIER = cz.jozi.knihajizd.native; PRODUCT_NAME = "$(TARGET_NAME)"; TARGETED_DEVICE_FAMILY = 1; SUPPORTED_PLATFORMS = "iphoneos iphonesimulator"; SWIFT_EMIT_LOC_STRINGS = YES; ASSETCATALOG_COMPILER_APPICON_NAME = AppIcon; SWIFT_OPTIMIZATION_LEVEL = "-Onone"; SWIFT_ACTIVE_COMPILATION_CONDITIONS = DEBUG; }; name = Debug; };
000000000000000000000021 = { isa = XCBuildConfiguration; buildSettings = { SDKROOT = iphoneos; IPHONEOS_DEPLOYMENT_TARGET = 16.0; SWIFT_VERSION = 5.0; CLANG_ENABLE_MODULES = YES; CODE_SIGN_STYLE = Automatic; GENERATE_INFOPLIST_FILE = NO; INFOPLIST_FILE = KnihaJizd/Info.plist; PRODUCT_BUNDLE_IDENTIFIER = cz.jozi.knihajizd.native; PRODUCT_NAME = "$(TARGET_NAME)"; TARGETED_DEVICE_FAMILY = 1; SUPPORTED_PLATFORMS = "iphoneos iphonesimulator"; SWIFT_EMIT_LOC_STRINGS = YES; ASSETCATALOG_COMPILER_APPICON_NAME = AppIcon; }; name = Release; };
}; rootObject = 000000000000000000000001; }
